{
    "_meta": {
        "hash": {
            "sha256": "c43726f1fa8a9f7258d70e6f2802a3b490ed679553b5238e40ac3068217d50a1"
        },
        "pipfile-spec": 6,
        "requires": {
            "python_version": "3.9"
        },
        "sources": [
            {
                "name": "pypi",
                "url": "https://pypi.org/simple",
                "verify_ssl": true
            }
        ]
    },
    "default": {
        "watchdog": {
            "hashes": [
                "sha256:78ea5d78f2cf8e4d6343ab2cbed93bb47b7a85b1c2f90a1dea365226bbab68ac"
            ],
            "index": "pypi",
            "version": "==1.0.1"
        }
    },
    "develop": {}
}
